<?xml version="1.0" encoding="utf-8"?>
<Project ToolsVersion="4.0" xmlns="http://schemas.microsoft.com/developer/msbuild/2003">
  <ItemGroup>
    <Filter Include="???">
      <UniqueIdentifier>{4FC737F1-C7A5-4376-A066-2A32D752A2FF}</UniqueIdentifier>
      <Extensions>cpp;c;cc;cxx;def;odl;idl;hpj;bat;asm;asmx</Extensions>
    </Filter>
    <Filter Include="???">
      <UniqueIdentifier>{93995380-89BD-4b04-88EB-625FBE52EBFB}</UniqueIdentifier>
      <Extensions>h;hpp;hxx;hm;inl;inc;xsd</Extensions>
    </Filter>
    <Filter Include="????">
      <UniqueIdentifier>{67DA6AB6-F800-4c08-8B7A-83BB121AAD01}</UniqueIdentifier>
      <Extensions>rc;ico;cur;bmp;dlg;rc2;rct;bin;rgs;gif;jpg;jpeg;jpe;resx;tiff;tif;png;wav</Extensions>
    </Filter>
    <Filter Include="Header Files">
      <UniqueIdentifier>{2f9fb432-fcb2-417c-839b-32fb43f1c742}</UniqueIdentifier>
    </Filter>
    <Filter Include="Resource Files">
      <UniqueIdentifier>{892d305b-8963-42ce-a66c-4cf7d4c6f381}</UniqueIdentifier>
    </Filter>
    <Filter Include="Source Files">
      <UniqueIdentifier>{cba61059-ad1c-49b6-b6d0-918fb68f41be}</UniqueIdentifier>
    </Filter>
  </ItemGroup>
  <ItemGroup>
    <ClCompile Include="CoolTabCtrl.cpp">
      <Filter>Source Files</Filter>
    </ClCompile>
    <ClCompile Include="EffectDisplay.cpp">
      <Filter>Source Files</Filter>
    </ClCompile>
    <ClCompile Include="GeoOperator.cpp">
      <Filter>Source Files</Filter>
    </ClCompile>
    <ClCompile Include="MyDib.cpp">
      <Filter>Source Files</Filter>
    </ClCompile>
    <ClCompile Include="improve.cpp">
      <Filter>Source Files</Filter>
    </ClCompile>
    <ClCompile Include="HistogramDlg.cpp">
      <Filter>Source Files</Filter>
    </ClCompile>
    <ClCompile Include="JpegDecoder.cpp">
      <Filter>Source Files</Filter>
    </ClCompile>
    <ClCompile Include="sizecbar.cpp">
      <Filter>Source Files</Filter>
    </ClCompile>
    <ClCompile Include="stdafx.cpp">
      <Filter>Source Files</Filter>
    </ClCompile>
    <ClCompile Include="RotateDlg.cpp">
      <Filter>Source Files</Filter>
    </ClCompile>
    <ClCompile Include="LineTranDlg.cpp">
      <Filter>Source Files</Filter>
    </ClCompile>
    <ClCompile Include="LogTranDlg.cpp">
      <Filter>Source Files</Filter>
    </ClCompile>
    <ClCompile Include="PreviewDlg.cpp">
      <Filter>Source Files</Filter>
    </ClCompile>
    <ClCompile Include="PowerTranDlg.cpp">
      <Filter>Source Files</Filter>
    </ClCompile>
    <ClCompile Include="ExpTranDlg.cpp">
      <Filter>Source Files</Filter>
    </ClCompile>
    <ClCompile Include="scbarg.cpp">
      <Filter>Source Files</Filter>
    </ClCompile>
    <ClCompile Include="MirTranDlg.cpp">
      <Filter>Source Files</Filter>
    </ClCompile>
    <ClCompile Include="ZoomDlg.cpp">
      <Filter>Source Files</Filter>
    </ClCompile>
    <ClCompile Include="GrayOperator.cpp">
      <Filter>Source Files</Filter>
    </ClCompile>
    <ClCompile Include="PrevDlg.cpp">
      <Filter>Source Files</Filter>
    </ClCompile>
    <ClCompile Include="PUimage.cpp">
      <Filter>Source Files</Filter>
    </ClCompile>
    <ClCompile Include="PUimageDoc.cpp">
      <Filter>Source Files</Filter>
    </ClCompile>
    <ClCompile Include="MainFrm.cpp">
      <Filter>Source Files</Filter>
    </ClCompile>
    <ClCompile Include="PUimageView.cpp">
      <Filter>Source Files</Filter>
    </ClCompile>
    <ClCompile Include="Histogram.cpp">
      <Filter>Source Files</Filter>
    </ClCompile>
    <ClCompile Include="Brightness.cpp">
      <Filter>Source Files</Filter>
    </ClCompile>
    <ClCompile Include="BrightDlg.cpp">
      <Filter>Source Files</Filter>
    </ClCompile>
    <ClCompile Include="ContrastDlg.cpp">
      <Filter>Source Files</Filter>
    </ClCompile>
    <ClCompile Include="VideoProcessor.cpp" />
    <ClCompile Include="SpatialFilter.cpp" />
    <ClCompile Include="EulerianColor.cpp" />
  </ItemGroup>
  <ItemGroup>
    <ClInclude Include="CoolTabCtrl.h">
      <Filter>Header Files</Filter>
    </ClInclude>
    <ClInclude Include="EffectDisplay.h">
      <Filter>Header Files</Filter>
    </ClInclude>
    <ClInclude Include="GeoOperator.h">
      <Filter>Header Files</Filter>
    </ClInclude>
    <ClInclude Include="MyDib.h">
      <Filter>Header Files</Filter>
    </ClInclude>
    <ClInclude Include="improve.h">
      <Filter>Header Files</Filter>
    </ClInclude>
    <ClInclude Include="HistogramDlg.h">
      <Filter>Header Files</Filter>
    </ClInclude>
    <ClInclude Include="JpegDecoder.h">
      <Filter>Header Files</Filter>
    </ClInclude>
    <ClInclude Include="stdafx.h">
      <Filter>Header Files</Filter>
    </ClInclude>
    <ClInclude Include="RotateDlg.h">
      <Filter>Header Files</Filter>
    </ClInclude>
    <ClInclude Include="sizecbar.h">
      <Filter>Header Files</Filter>
    </ClInclude>
    <ClInclude Include="Resource.h">
      <Filter>Header Files</Filter>
    </ClInclude>
    <ClInclude Include="marco.h">
      <Filter>Header Files</Filter>
    </ClInclude>
    <ClInclude Include="LineTranDlg.h">
      <Filter>Header Files</Filter>
    </ClInclude>
    <ClInclude Include="LogTranDlg.h">
      <Filter>Header Files</Filter>
    </ClInclude>
    <ClInclude Include="PreviewDlg.h">
      <Filter>Header Files</Filter>
    </ClInclude>
    <ClInclude Include="PowerTranDlg.h">
      <Filter>Header Files</Filter>
    </ClInclude>
    <ClInclude Include="ExpTranDlg.h">
      <Filter>Header Files</Filter>
    </ClInclude>
    <ClInclude Include="MirTranDlg.h">
      <Filter>Header Files</Filter>
    </ClInclude>
    <ClInclude Include="ZoomDlg.h">
      <Filter>Header Files</Filter>
    </ClInclude>
    <ClInclude Include="scbarg.h">
      <Filter>Header Files</Filter>
    </ClInclude>
    <ClInclude Include="GrayOperator.h">
      <Filter>Header Files</Filter>
    </ClInclude>
    <ClInclude Include="PrevDlg.h">
      <Filter>Header Files</Filter>
    </ClInclude>
    <ClInclude Include="PUimage.h">
      <Filter>Header Files</Filter>
    </ClInclude>
    <ClInclude Include="PUimageDoc.h">
      <Filter>Header Files</Filter>
    </ClInclude>
    <ClInclude Include="PUimageView.h">
      <Filter>Header Files</Filter>
    </ClInclude>
    <ClInclude Include="Histogram.h">
      <Filter>Header Files</Filter>
    </ClInclude>
    <ClInclude Include="image_encodings.h">
      <Filter>Header Files</Filter>
    </ClInclude>
    <ClInclude Include="Brightness.h">
      <Filter>Header Files</Filter>
    </ClInclude>
    <ClInclude Include="BrightDlg.h">
      <Filter>Header Files</Filter>
    </ClInclude>
    <ClInclude Include="ContrastDlg.h">
      <Filter>Header Files</Filter>
    </ClInclude>
    <ClInclude Include="VideoProcessor.h" />
    <ClInclude Include="SpatialFilter.h" />
    <ClInclude Include="EulerianColor.h" />
  </ItemGroup>
  <ItemGroup>
    <Image Include="res\dir.ico">
      <Filter>Resource Files</Filter>
    </Image>
    <Image Include="res\PUimage.ico">
      <Filter>Resource Files</Filter>
    </Image>
    <Image Include="res\PUimageDoc.ico">
      <Filter>Resource Files</Filter>
    </Image>
    <Image Include="res\Toolbar.bmp">
      <Filter>Resource Files</Filter>
    </Image>
  </ItemGroup>
  <ItemGroup>
    <ResourceCompile Include="PUimage.rc">
      <Filter>Resource Files</Filter>
    </ResourceCompile>
  </ItemGroup>
  <ItemGroup>
    <None Include="res\PUimage.rc2">
      <Filter>Resource Files</Filter>
    </None>
  </ItemGroup>
</Project>