<?xml version="1.0" encoding="utf-8"?>
<Project ToolsVersion="4.0" xmlns="http://schemas.microsoft.com/developer/msbuild/2003">
  <ItemGroup>
    <Filter Include="Header File">
      <UniqueIdentifier>{93995380-89BD-4b04-88EB-625FBE52EBFB}</UniqueIdentifier>
      <Extensions>h;hpp;hxx;hm;inl;inc;xsd</Extensions>
    </Filter>
    <Filter Include="Source File">
      <UniqueIdentifier>{4FC737F1-C7A5-4376-A066-2A32D752A2FF}</UniqueIdentifier>
      <Extensions>cpp;c;cc;cxx;def;odl;idl;hpj;bat;asm;asmx</Extensions>
    </Filter>
    <Filter Include="Resouce File">
      <UniqueIdentifier>{67DA6AB6-F800-4c08-8B7A-83BB121AAD01}</UniqueIdentifier>
      <Extensions>rc;ico;cur;bmp;dlg;rc2;rct;bin;rgs;gif;jpg;jpeg;jpe;resx;tiff;tif;png;wav</Extensions>
    </Filter>
  </ItemGroup>
  <ItemGroup>
    <ClCompile Include="CoolTabCtrl.cpp">
      <Filter>Source File</Filter>
    </ClCompile>
    <ClCompile Include="EffectDisplay.cpp">
      <Filter>Source File</Filter>
    </ClCompile>
    <ClCompile Include="ExpTranDlg.cpp">
      <Filter>Source File</Filter>
    </ClCompile>
    <ClCompile Include="GeoOperator.cpp">
      <Filter>Source File</Filter>
    </ClCompile>
    <ClCompile Include="GrayOperator.cpp">
      <Filter>Source File</Filter>
    </ClCompile>
    <ClCompile Include="HistogramDlg.cpp">
      <Filter>Source File</Filter>
    </ClCompile>
    <ClCompile Include="improve.cpp">
      <Filter>Source File</Filter>
    </ClCompile>
    <ClCompile Include="JpegDecoder.cpp">
      <Filter>Source File</Filter>
    </ClCompile>
    <ClCompile Include="LineTranDlg.cpp">
      <Filter>Source File</Filter>
    </ClCompile>
    <ClCompile Include="LogTranDlg.cpp">
      <Filter>Source File</Filter>
    </ClCompile>
    <ClCompile Include="MainFrm.cpp">
      <Filter>Source File</Filter>
    </ClCompile>
    <ClCompile Include="MirTranDlg.cpp">
      <Filter>Source File</Filter>
    </ClCompile>
    <ClCompile Include="MoveTranDlg.cpp">
      <Filter>Source File</Filter>
    </ClCompile>
    <ClCompile Include="MyDib.cpp">
      <Filter>Source File</Filter>
    </ClCompile>
    <ClCompile Include="PowerTranDlg.cpp">
      <Filter>Source File</Filter>
    </ClCompile>
    <ClCompile Include="PrevDlg.cpp">
      <Filter>Source File</Filter>
    </ClCompile>
    <ClCompile Include="PreviewDlg.cpp">
      <Filter>Source File</Filter>
    </ClCompile>
    <ClCompile Include="RotateDlg.cpp">
      <Filter>Source File</Filter>
    </ClCompile>
    <ClCompile Include="scbarg.cpp">
      <Filter>Source File</Filter>
    </ClCompile>
    <ClCompile Include="sizecbar.cpp">
      <Filter>Source File</Filter>
    </ClCompile>
    <ClCompile Include="stdafx.cpp">
      <Filter>Source File</Filter>
    </ClCompile>
    <ClCompile Include="StretchDlg.cpp">
      <Filter>Source File</Filter>
    </ClCompile>
    <ClCompile Include="ThresholdDlg.cpp">
      <Filter>Source File</Filter>
    </ClCompile>
    <ClCompile Include="ZoomDlg.cpp">
      <Filter>Source File</Filter>
    </ClCompile>
    <ClCompile Include="PUimage.cpp">
      <Filter>Source File</Filter>
    </ClCompile>
    <ClCompile Include="PUimageDoc.cpp">
      <Filter>Source File</Filter>
    </ClCompile>
    <ClCompile Include="PUimageView.cpp">
      <Filter>Source File</Filter>
    </ClCompile>
  </ItemGroup>
  <ItemGroup>
    <ClInclude Include="CoolTabCtrl.h">
      <Filter>Header File</Filter>
    </ClInclude>
    <ClInclude Include="EffectDisplay.h">
      <Filter>Header File</Filter>
    </ClInclude>
    <ClInclude Include="ExpTranDlg.h">
      <Filter>Header File</Filter>
    </ClInclude>
    <ClInclude Include="GeoOperator.h">
      <Filter>Header File</Filter>
    </ClInclude>
    <ClInclude Include="GrayOperator.h">
      <Filter>Header File</Filter>
    </ClInclude>
    <ClInclude Include="HistogramDlg.h">
      <Filter>Header File</Filter>
    </ClInclude>
    <ClInclude Include="improve.h">
      <Filter>Header File</Filter>
    </ClInclude>
    <ClInclude Include="JpegDecoder.h">
      <Filter>Header File</Filter>
    </ClInclude>
    <ClInclude Include="LineTranDlg.h">
      <Filter>Header File</Filter>
    </ClInclude>
    <ClInclude Include="LogTranDlg.h">
      <Filter>Header File</Filter>
    </ClInclude>
    <ClInclude Include="marco.h">
      <Filter>Header File</Filter>
    </ClInclude>
    <ClInclude Include="MirTranDlg.h">
      <Filter>Header File</Filter>
    </ClInclude>
    <ClInclude Include="MoveTranDlg.h">
      <Filter>Header File</Filter>
    </ClInclude>
    <ClInclude Include="MyDib.h">
      <Filter>Header File</Filter>
    </ClInclude>
    <ClInclude Include="PowerTranDlg.h">
      <Filter>Header File</Filter>
    </ClInclude>
    <ClInclude Include="PrevDlg.h">
      <Filter>Header File</Filter>
    </ClInclude>
    <ClInclude Include="PreviewDlg.h">
      <Filter>Header File</Filter>
    </ClInclude>
    <ClInclude Include="Resource.h">
      <Filter>Header File</Filter>
    </ClInclude>
    <ClInclude Include="RotateDlg.h">
      <Filter>Header File</Filter>
    </ClInclude>
    <ClInclude Include="scbarg.h">
      <Filter>Header File</Filter>
    </ClInclude>
    <ClInclude Include="sizecbar.h">
      <Filter>Header File</Filter>
    </ClInclude>
    <ClInclude Include="stdafx.h">
      <Filter>Header File</Filter>
    </ClInclude>
    <ClInclude Include="StretchDlg.h">
      <Filter>Header File</Filter>
    </ClInclude>
    <ClInclude Include="ThresholdDlg.h">
      <Filter>Header File</Filter>
    </ClInclude>
    <ClInclude Include="ZoomDlg.h">
      <Filter>Header File</Filter>
    </ClInclude>
    <ClInclude Include="PUimage.h">
      <Filter>Header File</Filter>
    </ClInclude>
    <ClInclude Include="PUimageDoc.h">
      <Filter>Header File</Filter>
    </ClInclude>
    <ClInclude Include="PUimageView.h">
      <Filter>Header File</Filter>
    </ClInclude>
  </ItemGroup>
  <ItemGroup>
    <Image Include="res\dir.ico">
      <Filter>Resouce File</Filter>
    </Image>
    <Image Include="res\MagicHouse.ico">
      <Filter>Resouce File</Filter>
    </Image>
    <Image Include="res\MagicHouseDoc.ico">
      <Filter>Resouce File</Filter>
    </Image>
    <Image Include="res\Toolbar.bmp">
      <Filter>Resouce File</Filter>
    </Image>
  </ItemGroup>
  <ItemGroup>
    <ResourceCompile Include="MagicHouse.rc">
      <Filter>Resouce File</Filter>
    </ResourceCompile>
  </ItemGroup>
  <ItemGroup>
    <None Include="res\MagicHouse.rc2">
      <Filter>Resouce File</Filter>
    </None>
  </ItemGroup>
</Project>